
Microsoft Visual Studio Solution File, Format Version 12.00
# Visual Studio Version 16
VisualStudioVersion = 16.0.29519.87
MinimumVisualStudioVersion = 10.0.40219.1
Project("{FAE04EC0-301F-11D3-BF4B-00C04F79EFBC}") = "send-async-request", "send-async-request\send-async-request.csproj", "{853ED2BF-F4E5-468F-9D83-D4A66C7CB088}"
EndProject
Global
	GlobalSection(SolutionConfigurationPlatforms) = preSolution
		Debug|Any CPU = Debug|Any CPU
		Release|Any CPU = Release|Any CPU
	EndGlobalSection
	GlobalSection(ProjectConfigurationPlatforms) = postSolution
		{853ED2BF-F4E5-468F-9D83-D4A66C7CB088}.Debug|Any CPU.ActiveCfg = Debug|Any CPU
		{853ED2BF-F4E5-468F-9D83-D4A66C7CB088}.Debug|Any CPU.Build.0 = Debug|Any CPU
		{853ED2BF-F4E5-468F-9D83-D4A66C7CB088}.Release|Any CPU.ActiveCfg = Release|Any CPU
		{853ED2BF-F4E5-468F-9D83-D4A66C7CB088}.Release|Any CPU.Build.0 = Release|Any CPU
	EndGlobalSection
	GlobalSection(SolutionProperties) = preSolution
		HideSolutionNode = FALSE
	EndGlobalSection
	GlobalSection(ExtensibilityGlobals) = postSolution
		SolutionGuid = {54A33433-5420-456C-9918-65BD5302F8AC}
	EndGlobalSection
EndGlobal
